
Microsoft Visual Studio Solution File, Format Version 12.00
# Visual Studio Version 17
VisualStudioVersion = 17.0.31903.59
MinimumVisualStudioVersion = 10.0.40219.1
Project("{9A19103F-16F7-4668-BE54-9A1E7A4F7556}") = "CC-Curl", "CC-Curl.csproj", "{485D5D82-C07D-43DD-9AA9-C3368A8794D4}"
EndProject
Global
	GlobalSection(SolutionConfigurationPlatforms) = preSolution
		Debug|Any CPU = Debug|Any CPU
		Release|Any CPU = Release|Any CPU
	EndGlobalSection
	GlobalSection(ProjectConfigurationPlatforms) = postSolution
		{485D5D82-C07D-43DD-9AA9-C3368A8794D4}.Debug|Any CPU.ActiveCfg = Debug|Any CPU
		{485D5D82-C07D-43DD-9AA9-C3368A8794D4}.Debug|Any CPU.Build.0 = Debug|Any CPU
		{485D5D82-C07D-43DD-9AA9-C3368A8794D4}.Release|Any CPU.ActiveCfg = Release|Any CPU
		{485D5D82-C07D-43DD-9AA9-C3368A8794D4}.Release|Any CPU.Build.0 = Release|Any CPU
	EndGlobalSection
	GlobalSection(SolutionProperties) = preSolution
		HideSolutionNode = FALSE
	EndGlobalSection
	GlobalSection(ExtensibilityGlobals) = postSolution
		SolutionGuid = {574B2835-D9E0-44E5-AEAE-A1B366508D3F}
	EndGlobalSection
EndGlobal
